
Microsoft Visual Studio Solution File, Format Version 12.00
# Visual Studio Version 17
VisualStudioVersion = 17.0.31903.59
MinimumVisualStudioVersion = 10.0.40219.1
Project("{2150E333-8FDC-42A3-9474-1A3956D46DE8}") = "src", "src", "{CD29E879-B5FC-4ED4-A9A3-3DFC8953CE00}"
EndProject
Project("{2150E333-8FDC-42A3-9474-1A3956D46DE8}") = "UI", "UI", "{160EBCA4-E562-4C93-B282-10A69755A65A}"
EndProject
Project("{2150E333-8FDC-42A3-9474-1A3956D46DE8}") = "Web", "Web", "{2A98A117-81FA-4A6A-8DCA-971F2E808952}"
EndProject
Project("{FAE04EC0-301F-11D3-BF4B-00C04F79EFBC}") = "MaelstromPlatform.UI.Web", "src\UI\Web\MaelstromPlatform.UI.Web\MaelstromPlatform.UI.Web.csproj", "{641C2047-3946-48FF-9D1D-9FDDAED3FA92}"
EndProject
Project("{2150E333-8FDC-42A3-9474-1A3956D46DE8}") = "Tests", "Tests", "{CECDEA36-A0D0-47D2-8B55-C3ACC7F94311}"
EndProject
Project("{FAE04EC0-301F-11D3-BF4B-00C04F79EFBC}") = "MaelstromPlatform.Activity.UI.Web.Tests", "src\UI\Web\Tests\MaelstromPlatform.Activity.UI.Web.Tests\MaelstromPlatform.Activity.UI.Web.Tests.csproj", "{53F38C36-0726-4710-8B4D-965844055827}"
EndProject
Project("{2150E333-8FDC-42A3-9474-1A3956D46DE8}") = "API", "API", "{34C59B16-223B-4940-A75E-9A1F33832241}"
EndProject
Project("{FAE04EC0-301F-11D3-BF4B-00C04F79EFBC}") = "MaelstromPlatform.Activity.API", "src\API\MaelstromPlatform.Activity.API\MaelstromPlatform.Activity.API.csproj", "{BB09E38F-C5CC-44FE-9F30-477C8BC66BB4}"
EndProject
Project("{2150E333-8FDC-42A3-9474-1A3956D46DE8}") = "Tests", "Tests", "{076DD247-2C6C-4FFC-B092-858E2926C822}"
EndProject
Project("{FAE04EC0-301F-11D3-BF4B-00C04F79EFBC}") = "MaelstromPlatform.Activity.API.Tests", "src\API\Tests\MaelstromPlatform.Activity.API.Tests\MaelstromPlatform.Activity.API.Tests.csproj", "{EACC50EE-302D-4007-A50C-546E52E24F49}"
EndProject
Project("{2150E333-8FDC-42A3-9474-1A3956D46DE8}") = "PowerShell", "PowerShell", "{6F66B0F2-E82F-44D2-8A55-FEBDC77262F1}"
EndProject
Project("{FAE04EC0-301F-11D3-BF4B-00C04F79EFBC}") = "MaelstromPlatform.Activity.UI.PowerShell", "src\UI\PowerShell\MaelstromPlatform.Activity.UI.PowerShell\MaelstromPlatform.Activity.UI.PowerShell.csproj", "{8D079CCA-723C-4CA3-8D13-C4F7E5F991BF}"
EndProject
Project("{2150E333-8FDC-42A3-9474-1A3956D46DE8}") = "Tests", "Tests", "{7B2E344B-A9B1-4A70-AAE7-434345FF3000}"
EndProject
Project("{FAE04EC0-301F-11D3-BF4B-00C04F79EFBC}") = "MaelstromPlatform.Activity.UI.PowerShell.Tests", "src\UI\PowerShell\Tests\MaelstromPlatform.Activity.UI.PowerShell.Tests\MaelstromPlatform.Activity.UI.PowerShell.Tests.csproj", "{ADF28392-0FF1-4DD8-8861-B336C9914111}"
EndProject
Global
	GlobalSection(SolutionConfigurationPlatforms) = preSolution
		Debug|Any CPU = Debug|Any CPU
		Release|Any CPU = Release|Any CPU
	EndGlobalSection
	GlobalSection(SolutionProperties) = preSolution
		HideSolutionNode = FALSE
	EndGlobalSection
	GlobalSection(ProjectConfigurationPlatforms) = postSolution
		{641C2047-3946-48FF-9D1D-9FDDAED3FA92}.Debug|Any CPU.ActiveCfg = Debug|Any CPU
		{641C2047-3946-48FF-9D1D-9FDDAED3FA92}.Debug|Any CPU.Build.0 = Debug|Any CPU
		{641C2047-3946-48FF-9D1D-9FDDAED3FA92}.Release|Any CPU.ActiveCfg = Release|Any CPU
		{641C2047-3946-48FF-9D1D-9FDDAED3FA92}.Release|Any CPU.Build.0 = Release|Any CPU
		{53F38C36-0726-4710-8B4D-965844055827}.Debug|Any CPU.ActiveCfg = Debug|Any CPU
		{53F38C36-0726-4710-8B4D-965844055827}.Debug|Any CPU.Build.0 = Debug|Any CPU
		{53F38C36-0726-4710-8B4D-965844055827}.Release|Any CPU.ActiveCfg = Release|Any CPU
		{53F38C36-0726-4710-8B4D-965844055827}.Release|Any CPU.Build.0 = Release|Any CPU
		{BB09E38F-C5CC-44FE-9F30-477C8BC66BB4}.Debug|Any CPU.ActiveCfg = Debug|Any CPU
		{BB09E38F-C5CC-44FE-9F30-477C8BC66BB4}.Debug|Any CPU.Build.0 = Debug|Any CPU
		{BB09E38F-C5CC-44FE-9F30-477C8BC66BB4}.Release|Any CPU.ActiveCfg = Release|Any CPU
		{BB09E38F-C5CC-44FE-9F30-477C8BC66BB4}.Release|Any CPU.Build.0 = Release|Any CPU
		{EACC50EE-302D-4007-A50C-546E52E24F49}.Debug|Any CPU.ActiveCfg = Debug|Any CPU
		{EACC50EE-302D-4007-A50C-546E52E24F49}.Debug|Any CPU.Build.0 = Debug|Any CPU
		{EACC50EE-302D-4007-A50C-546E52E24F49}.Release|Any CPU.ActiveCfg = Release|Any CPU
		{EACC50EE-302D-4007-A50C-546E52E24F49}.Release|Any CPU.Build.0 = Release|Any CPU
		{8D079CCA-723C-4CA3-8D13-C4F7E5F991BF}.Debug|Any CPU.ActiveCfg = Debug|Any CPU
		{8D079CCA-723C-4CA3-8D13-C4F7E5F991BF}.Debug|Any CPU.Build.0 = Debug|Any CPU
		{8D079CCA-723C-4CA3-8D13-C4F7E5F991BF}.Release|Any CPU.ActiveCfg = Release|Any CPU
		{8D079CCA-723C-4CA3-8D13-C4F7E5F991BF}.Release|Any CPU.Build.0 = Release|Any CPU
		{ADF28392-0FF1-4DD8-8861-B336C9914111}.Debug|Any CPU.ActiveCfg = Debug|Any CPU
		{ADF28392-0FF1-4DD8-8861-B336C9914111}.Debug|Any CPU.Build.0 = Debug|Any CPU
		{ADF28392-0FF1-4DD8-8861-B336C9914111}.Release|Any CPU.ActiveCfg = Release|Any CPU
		{ADF28392-0FF1-4DD8-8861-B336C9914111}.Release|Any CPU.Build.0 = Release|Any CPU
	EndGlobalSection
	GlobalSection(NestedProjects) = preSolution
		{160EBCA4-E562-4C93-B282-10A69755A65A} = {CD29E879-B5FC-4ED4-A9A3-3DFC8953CE00}
		{2A98A117-81FA-4A6A-8DCA-971F2E808952} = {160EBCA4-E562-4C93-B282-10A69755A65A}
		{641C2047-3946-48FF-9D1D-9FDDAED3FA92} = {2A98A117-81FA-4A6A-8DCA-971F2E808952}
		{CECDEA36-A0D0-47D2-8B55-C3ACC7F94311} = {2A98A117-81FA-4A6A-8DCA-971F2E808952}
		{53F38C36-0726-4710-8B4D-965844055827} = {CECDEA36-A0D0-47D2-8B55-C3ACC7F94311}
		{34C59B16-223B-4940-A75E-9A1F33832241} = {CD29E879-B5FC-4ED4-A9A3-3DFC8953CE00}
		{BB09E38F-C5CC-44FE-9F30-477C8BC66BB4} = {34C59B16-223B-4940-A75E-9A1F33832241}
		{076DD247-2C6C-4FFC-B092-858E2926C822} = {34C59B16-223B-4940-A75E-9A1F33832241}
		{EACC50EE-302D-4007-A50C-546E52E24F49} = {076DD247-2C6C-4FFC-B092-858E2926C822}
		{6F66B0F2-E82F-44D2-8A55-FEBDC77262F1} = {160EBCA4-E562-4C93-B282-10A69755A65A}
		{8D079CCA-723C-4CA3-8D13-C4F7E5F991BF} = {6F66B0F2-E82F-44D2-8A55-FEBDC77262F1}
		{7B2E344B-A9B1-4A70-AAE7-434345FF3000} = {6F66B0F2-E82F-44D2-8A55-FEBDC77262F1}
		{ADF28392-0FF1-4DD8-8861-B336C9914111} = {7B2E344B-A9B1-4A70-AAE7-434345FF3000}
	EndGlobalSection
EndGlobal
